# -------------------------------------------------------------------------- #
#
# Copyright (C) 2025  Altera Corporation. All rights reserved.
# Your use of Altera Corporation's design tools, logic functions 
# and other software and tools, and any partner logic 
# functions, and any output files from any of the foregoing 
# (including device programming or simulation files), and any 
# associated documentation or information are expressly subject 
# to the terms and conditions of the Altera Program License 
# Subscription Agreement, the Altera Quartus Prime License Agreement,
# the Altera IP License Agreement, or other applicable license
# agreement, including, without limitation, that your use is for
# the sole purpose of programming logic devices manufactured by
# Altera and sold by Altera or its authorized distributors.  Please
# refer to the Altera Software License Subscription Agreements 
# on the Quartus Prime software download page.
#
# -------------------------------------------------------------------------- #
#
# Quartus Prime
# Version 25.1std.0 Build 1129 10/21/2025 SC Lite Edition
# Date created = 16:10:34  April 28, 2026
#
# -------------------------------------------------------------------------- #
#
# Notes:
#
# 1) The default values for assignments are stored in the file:
#		polilegv8_assignment_defaults.qdf
#    If this file doesn't exist, see file:
#		assignment_defaults.qdf
#
# 2) Intel recommends that you do not modify this file. This
#    file is updated automatically by the Quartus Prime software
#    and any changes you make may be lost or overwritten.
#
# -------------------------------------------------------------------------- #


set_global_assignment -name FAMILY "Cyclone V"
set_global_assignment -name DEVICE 5CEBA4F23C7
set_global_assignment -name TOP_LEVEL_ENTITY polilegv8
set_global_assignment -name ORIGINAL_QUARTUS_VERSION 25.1STD.0
set_global_assignment -name PROJECT_CREATION_TIME_DATE "16:10:34  APRIL 28, 2026"
set_global_assignment -name LAST_QUARTUS_VERSION "25.1std.0 Lite Edition"
set_global_assignment -name PROJECT_OUTPUT_DIRECTORY output_files
set_global_assignment -name MIN_CORE_JUNCTION_TEMP 0
set_global_assignment -name MAX_CORE_JUNCTION_TEMP 85
set_global_assignment -name DEVICE_FILTER_PIN_COUNT 484
set_global_assignment -name DEVICE_FILTER_SPEED_GRADE 7
set_global_assignment -name ERROR_CHECK_FREQUENCY_DIVISOR 256
set_global_assignment -name EDA_SIMULATION_TOOL "<None>"
set_global_assignment -name EDA_TIME_SCALE "1 ps" -section_id eda_simulation
set_global_assignment -name EDA_OUTPUT_DATA_FORMAT NONE -section_id eda_simulation
set_global_assignment -name EDA_GENERATE_FUNCTIONAL_NETLIST OFF -section_id eda_board_design_timing
set_global_assignment -name EDA_GENERATE_FUNCTIONAL_NETLIST OFF -section_id eda_board_design_symbol
set_global_assignment -name EDA_GENERATE_FUNCTIONAL_NETLIST OFF -section_id eda_board_design_signal_integrity
set_global_assignment -name EDA_GENERATE_FUNCTIONAL_NETLIST OFF -section_id eda_board_design_boundary_scan
set_global_assignment -name POWER_PRESET_COOLING_SOLUTION "23 MM HEAT SINK WITH 200 LFPM AIRFLOW"
set_global_assignment -name POWER_BOARD_THERMAL_MODEL "NONE (CONSERVATIVE)"
set_global_assignment -name PARTITION_NETLIST_TYPE SOURCE -section_id Top
set_global_assignment -name PARTITION_FITTER_PRESERVATION_LEVEL PLACEMENT_AND_ROUTING -section_id Top
set_global_assignment -name PARTITION_COLOR 16764057 -section_id Top
set_location_assignment PIN_C11 -to cs
set_location_assignment PIN_K9 -to miso
set_location_assignment PIN_B11 -to mosi
set_location_assignment PIN_H11 -to sck
set_location_assignment PIN_U13 -to reset
set_location_assignment PIN_R22 -to GPIO[0]
set_location_assignment PIN_T22 -to GPIO[1]
set_location_assignment PIN_N19 -to GPIO[2]
set_location_assignment PIN_P19 -to GPIO[3]
set_location_assignment PIN_P17 -to GPIO[4]
set_location_assignment PIN_M18 -to GPIO[5]
set_location_assignment PIN_L17 -to GPIO[6]
set_location_assignment PIN_K17 -to GPIO[7]
set_location_assignment PIN_J18 -to GPIO[8]
set_location_assignment PIN_G11 -to GPIO[9]
set_location_assignment PIN_J11 -to GPIO[10]
set_location_assignment PIN_A15 -to GPIO[11]
set_location_assignment PIN_L8 -to GPIO[12]
set_location_assignment PIN_B15 -to GPIO[13]
set_location_assignment PIN_E14 -to GPIO[14]
set_location_assignment PIN_E16 -to GPIO[15]
set_global_assignment -name EDA_RUN_TOOL_AUTOMATICALLY OFF -section_id eda_simulation
set_location_assignment PIN_U21 -to display0[0]
set_location_assignment PIN_V21 -to display0[1]
set_location_assignment PIN_W22 -to display0[2]
set_location_assignment PIN_W21 -to display0[3]
set_location_assignment PIN_Y22 -to display0[4]
set_location_assignment PIN_Y21 -to display0[5]
set_location_assignment PIN_AA22 -to display0[6]
set_location_assignment PIN_AA20 -to display1[0]
set_location_assignment PIN_AB20 -to display1[1]
set_location_assignment PIN_AA19 -to display1[2]
set_location_assignment PIN_AA18 -to display1[3]
set_location_assignment PIN_AB18 -to display1[4]
set_location_assignment PIN_AA17 -to display1[5]
set_location_assignment PIN_U22 -to display1[6]
set_global_assignment -name TIMING_ANALYZER_MULTICORNER_ANALYSIS ON
set_global_assignment -name SMART_RECOMPILE ON
set_global_assignment -name ENABLE_OCT_DONE OFF
set_global_assignment -name STRATIXV_CONFIGURATION_SCHEME "PASSIVE SERIAL"
set_global_assignment -name USE_CONFIGURATION_DEVICE ON
set_global_assignment -name CRC_ERROR_OPEN_DRAIN ON
set_global_assignment -name RESERVE_ALL_UNUSED_PINS_WEAK_PULLUP "AS INPUT TRI-STATED"
set_global_assignment -name OUTPUT_IO_TIMING_NEAR_END_VMEAS "HALF VCCIO" -rise
set_global_assignment -name OUTPUT_IO_TIMING_NEAR_END_VMEAS "HALF VCCIO" -fall
set_global_assignment -name OUTPUT_IO_TIMING_FAR_END_VMEAS "HALF SIGNAL SWING" -rise
set_global_assignment -name OUTPUT_IO_TIMING_FAR_END_VMEAS "HALF SIGNAL SWING" -fall
set_global_assignment -name ACTIVE_SERIAL_CLOCK FREQ_100MHZ
set_location_assignment PIN_Y16 -to display3[0]
set_location_assignment PIN_W16 -to display3[1]
set_location_assignment PIN_Y17 -to display3[2]
set_location_assignment PIN_V16 -to display3[3]
set_location_assignment PIN_U17 -to display3[4]
set_location_assignment PIN_V18 -to display3[5]
set_location_assignment PIN_V19 -to display3[6]
set_location_assignment PIN_Y19 -to display2[0]
set_location_assignment PIN_AB17 -to display2[1]
set_location_assignment PIN_AA10 -to display2[2]
set_location_assignment PIN_Y14 -to display2[3]
set_location_assignment PIN_V14 -to display2[4]
set_location_assignment PIN_AB22 -to display2[5]
set_location_assignment PIN_AB21 -to display2[6]
set_location_assignment PIN_N21 -to db_cs
set_location_assignment PIN_R21 -to db_miso
set_location_assignment PIN_N20 -to db_mosi
set_location_assignment PIN_M22 -to db_sck
set_location_assignment PIN_W19 -to db_stall
set_instance_assignment -name PARTITION_HIERARCHY root_partition -to | -section_id Top
set_global_assignment -name VHDL_FILE staller.vhd
set_global_assignment -name VHDL_FILE moduloSPI.vhd
set_global_assignment -name VHDL_FILE controladorSD.vhd
set_global_assignment -name VHDL_FILE contador.vhd
set_global_assignment -name MIF_FILE instrucoes.mif
set_global_assignment -name VHDL_FILE memoriaDados.vhd
set_global_assignment -name VHDL_FILE unidadeControle.vhd
set_global_assignment -name VHDL_FILE ula64bits.vhd
set_global_assignment -name VHDL_FILE ula1bit.vhd
set_global_assignment -name VHDL_FILE signExtend.vhd
set_global_assignment -name VHDL_FILE register.vhd
set_global_assignment -name VHDL_FILE polilegv8.vhd
set_global_assignment -name VHDL_FILE multiplexer.vhd
set_global_assignment -name VHDL_FILE memoriaInstrucoes.vhd
set_global_assignment -name VHDL_FILE fluxoDados.vhd
set_global_assignment -name VHDL_FILE deslocador2bits.vhd
set_global_assignment -name VHDL_FILE bancoRegistradores.vhd
set_global_assignment -name VHDL_FILE adderN.vhd
set_global_assignment -name MIF_FILE dados.mif
set_global_assignment -name QIP_FILE ip_clock.qip
set_global_assignment -name SIP_FILE ip_clock.sip